
Microsoft Visual Studio Solution File, Format Version 12.00
# Visual Studio Version 17
VisualStudioVersion = 17.3.32804.467
MinimumVisualStudioVersion = 10.0.40219.1
Project("{FAE04EC0-301F-11D3-BF4B-00C04F79EFBC}") = "PrivateSite", "PrivateSite\PrivateSite.csproj", "{9AE8898C-0D25-44CF-B5A6-0126ACCC5711}"
EndProject
Global
	GlobalSection(SolutionConfigurationPlatforms) = preSolution
		Debug|Any CPU = Debug|Any CPU
		Release|Any CPU = Release|Any CPU
	EndGlobalSection
	GlobalSection(ProjectConfigurationPlatforms) = postSolution
		{9AE8898C-0D25-44CF-B5A6-0126ACCC5711}.Debug|Any CPU.ActiveCfg = Debug|Any CPU
		{9AE8898C-0D25-44CF-B5A6-0126ACCC5711}.Debug|Any CPU.Build.0 = Debug|Any CPU
		{9AE8898C-0D25-44CF-B5A6-0126ACCC5711}.Release|Any CPU.ActiveCfg = Release|Any CPU
		{9AE8898C-0D25-44CF-B5A6-0126ACCC5711}.Release|Any CPU.Build.0 = Release|Any CPU
	EndGlobalSection
	GlobalSection(SolutionProperties) = preSolution
		HideSolutionNode = FALSE
	EndGlobalSection
	GlobalSection(ExtensibilityGlobals) = postSolution
		SolutionGuid = {7C18E562-C06D-41FB-8503-086C9DA7614A}
	EndGlobalSection
EndGlobal
